{
    "_readme": [
        "This file locks the dependencies of your project to a known state",
        "Read more about it at https://getcomposer.org/doc/01-basic-usage.md#installing-dependencies",
        "This file is @generated automatically"
    ],
    "content-hash": "a92029406e9c31ed631622fac9cefe07",
    "packages": [
        {
            "name": "apcu/apcu",
            "version": "v5.1.28",
            "source": {
                "type": "git",
                "url": "https://github.com/krakjoe/apcu.git",
                "reference": "819fce90c469a5666b1706036cd66120af419f1f"
            },
            "dist": {
                "type": "zip",
                "url": "https://api.github.com/repos/krakjoe/apcu/zipball/819fce90c469a5666b1706036cd66120af419f1f",
                "reference": "819fce90c469a5666b1706036cd66120af419f1f",
                "shasum": ""
            },
            "require": {
                "php": ">= 7.0.0"
            },
            "type": "php-ext",
            "notification-url": "https://packagist.org/downloads/",
            "php-ext": {
                "extension-name": "apcu",
                "configure-options": [
                    {
                        "name": "disable-apcu-mmap",
                        "description": "Disable mmap, falls back on shm"
                    },
                    {
                        "name": "disable-apcu-rwlocks",
                        "description": "Disable rwlocks in APCu"
                    },
                    {
                        "name": "disable-valgrind-checks",
                        "description": "Disable Valgrind-based memory checks"
                    },
                    {
                        "name": "enable-apcu",
                        "description": "Enable APCu support"
                    },
                    {
                        "name": "enable-apcu-clear-signal",
                        "description": "Enable SIGUSR1 clearing handler"
                    },
                    {
                        "name": "enable-apcu-debug",
                        "description": "Enable APCu debugging"
                    },
                    {
                        "name": "enable-apcu-spinlocks",
                        "description": "Use spinlocks before flocks"
                    },
                    {
                        "name": "enable-coverage",
                        "description": "Include code coverage symbols (DEVELOPERS ONLY!!)"
                    }
                ]
            },
            "license": [
                "PHP-3.01"
            ],
            "description": "APCu - APC User Cache",
            "support": {
                "issues": "https://github.com/krakjoe/apcu/issues",
                "source": "https://github.com/krakjoe/apcu/tree/v5.1.28"
            },
            "time": "2025-12-07T07:58:49+00:00"
        },
        {
            "name": "igbinary/igbinary",
            "version": "3.2.17RC1",
            "source": {
                "type": "git",
                "url": "https://github.com/igbinary/igbinary.git",
                "reference": "edda7101adf583df047d028a154abf3bf04ced61"
            },
            "dist": {
                "type": "zip",
                "url": "https://api.github.com/repos/igbinary/igbinary/zipball/edda7101adf583df047d028a154abf3bf04ced61",
                "reference": "edda7101adf583df047d028a154abf3bf04ced61",
                "shasum": ""
            },
            "require": {
                "php": ">= 7.0.0"
            },
            "type": "php-ext",
            "notification-url": "https://packagist.org/downloads/",
            "php-ext": {
                "extension-name": "igbinary"
            },
            "license": [
                "BSD-3-Clause"
            ],
            "authors": [
                {
                    "name": "Oleg Grenrus",
                    "email": "oleg.grenrus@iki.fi"
                },
                {
                    "name": "Pierre Joye",
                    "email": "pierre@php.net"
                },
                {
                    "name": "Teddy Grenman",
                    "email": "teddy.pecl@luuseri.com"
                },
                {
                    "name": "Tyson Andre",
                    "email": "tandre@php.net"
                }
            ],
            "description": "Igbinary is a drop in replacement for the standard php serializer. Instead of the time and space consuming textual representation used by PHP's serialize(), igbinary stores php data structures in a compact binary form. Savings are significant when using memcached or similar memory based storages for serialized data.",
            "homepage": "https://github.com/igbinary/igbinary",
            "support": {
                "issues": "https://github.com/igbinary/igbinary/issues",
                "source": "https://github.com/igbinary/igbinary/tree/3.2.17RC1"
            },
            "time": "2025-11-26T19:07:57+00:00"
        },
        {
            "name": "imagick/imagick",
            "version": "3.8.1",
            "source": {
                "type": "git",
                "url": "https://github.com/Imagick/imagick.git",
                "reference": "70087bab33eab913e99ac77d64d04d1a2fd0b7b0"
            },
            "dist": {
                "type": "zip",
                "url": "https://api.github.com/repos/Imagick/imagick/zipball/70087bab33eab913e99ac77d64d04d1a2fd0b7b0",
                "reference": "70087bab33eab913e99ac77d64d04d1a2fd0b7b0",
                "shasum": ""
            },
            "require": {
                "php": ">= 5.6.0"
            },
            "type": "php-ext",
            "notification-url": "https://packagist.org/downloads/",
            "php-ext": {
                "extension-name": "imagick",
                "configure-options": [
                    {
                        "name": "with-imagick",
                        "description": "Enables the imagick extension. DIR is the prefix to ImageMagick installation directory.",
                        "needs-value": true
                    }
                ]
            },
            "license": [
                "PHP-3.01"
            ],
            "description": "The Imagick PHP extension",
            "support": {
                "issues": "https://github.com/Imagick/imagick/issues",
                "source": "https://github.com/Imagick/imagick/tree/3.8.1"
            },
            "funding": [
                {
                    "url": "https://github.com/Danack",
                    "type": "github"
                }
            ],
            "time": "2025-11-26T19:53:09+00:00"
        },
        {
            "name": "msgpack/msgpack-php",
            "version": "dev-master",
            "source": {
                "type": "git",
                "url": "https://github.com/msgpack/msgpack-php.git",
                "reference": "621c1e9179ee9e9fa328ddef9dc434ef26d7138a"
            },
            "dist": {
                "type": "zip",
                "url": "https://api.github.com/repos/msgpack/msgpack-php/zipball/621c1e9179ee9e9fa328ddef9dc434ef26d7138a",
                "reference": "621c1e9179ee9e9fa328ddef9dc434ef26d7138a",
                "shasum": ""
            },
            "require": {
                "php": ">= 7.0.0"
            },
            "default-branch": true,
            "type": "php-ext",
            "notification-url": "https://packagist.org/downloads/",
            "php-ext": {
                "extension-name": "msgpack"
            },
            "license": [
                "BSD-3-Clause"
            ],
            "description": "MessagePack serialization API",
            "support": {
                "issues": "https://github.com/msgpack/msgpack-php/issues",
                "source": "https://github.com/msgpack/msgpack-php/tree/master"
            },
            "time": "2025-08-26T11:43:04+00:00"
        },
        {
            "name": "php-amqp/php-amqp",
            "version": "dev-latest",
            "source": {
                "type": "git",
                "url": "https://github.com/php-amqp/php-amqp.git",
                "reference": "2df7faef6c85f571b7bae5c2c8c9635c436a9178"
            },
            "dist": {
                "type": "zip",
                "url": "https://api.github.com/repos/php-amqp/php-amqp/zipball/2df7faef6c85f571b7bae5c2c8c9635c436a9178",
                "reference": "2df7faef6c85f571b7bae5c2c8c9635c436a9178",
                "shasum": ""
            },
            "require": {
                "php": ">=7.4"
            },
            "require-dev": {
                "ext-dom": "*",
                "ext-json": "*",
                "ext-simplexml": "*",
                "slevomat/coding-standard": "^8.13",
                "symplify/easy-coding-standard": "*"
            },
            "default-branch": true,
            "type": "php-ext",
            "notification-url": "https://packagist.org/downloads/",
            "php-ext": {
                "extension-name": "amqp",
                "configure-options": [
                    {
                        "name": "with-amqp",
                        "description": "Include amqp support"
                    },
                    {
                        "name": "with-librabbitmq-dir",
                        "description": "Set the path to librabbitmq install prefix.",
                        "needs-value": true
                    }
                ]
            },
            "license": [
                "PHP-3.01"
            ],
            "authors": [
                {
                    "name": "Lars Strojny",
                    "email": "lstrojny@php.net",
                    "role": "lead"
                }
            ],
            "description": "PHP AMQP Binding Library",
            "homepage": "https://github.com/php-amqp/php-amqp",
            "keywords": [
                "AMQP",
                "message",
                "queue",
                "rabbitmq"
            ],
            "support": {
                "issues": "https://github.com/php-amqp/php-amqp/issues",
                "source": "https://github.com/php-amqp/php-amqp/tree/latest"
            },
            "funding": [
                {
                    "url": "https://github.com/lstrojny",
                    "type": "github"
                }
            ],
            "time": "2026-01-23T15:40:01+00:00"
        },
        {
            "name": "phpredis/phpredis",
            "version": "6.3.0",
            "source": {
                "type": "git",
                "url": "https://github.com/phpredis/phpredis.git",
                "reference": "df4fab2de7fc327c54c94a13af2b9542e4fbd720"
            },
            "dist": {
                "type": "zip",
                "url": "https://api.github.com/repos/phpredis/phpredis/zipball/df4fab2de7fc327c54c94a13af2b9542e4fbd720",
                "reference": "df4fab2de7fc327c54c94a13af2b9542e4fbd720",
                "shasum": ""
            },
            "require": {
                "php": ">= 7.4.0"
            },
            "type": "php-ext",
            "notification-url": "https://packagist.org/downloads/",
            "php-ext": {
                "priority": 60,
                "extension-name": "redis",
                "configure-options": [
                    {
                        "name": "disable-redis-json",
                        "description": "Disable json serializer support"
                    },
                    {
                        "name": "disable-redis-session",
                        "description": "Disable session support"
                    },
                    {
                        "name": "enable-redis",
                        "description": "Enable redis support"
                    },
                    {
                        "name": "enable-redis-igbinary",
                        "description": "Enable igbinary serializer support"
                    },
                    {
                        "name": "enable-redis-lz4",
                        "description": "Enable lz4 compression support"
                    },
                    {
                        "name": "enable-redis-lzf",
                        "description": "Enable lzf compression support"
                    },
                    {
                        "name": "enable-redis-msgpack",
                        "description": "Enable msgpack serializer support"
                    },
                    {
                        "name": "enable-redis-zstd",
                        "description": "Enable Zstd compression support"
                    },
                    {
                        "name": "with-liblz4",
                        "description": "Use system liblz4",
                        "needs-value": true
                    },
                    {
                        "name": "with-liblzf",
                        "description": "Use system liblzf",
                        "needs-value": true
                    },
                    {
                        "name": "with-libzstd",
                        "description": "Use system libzstd",
                        "needs-value": true
                    }
                ]
            },
            "license": [
                "PHP-3.01"
            ],
            "description": "A PHP extension for Redis",
            "support": {
                "issues": "https://github.com/phpredis/phpredis/issues",
                "source": "https://github.com/phpredis/phpredis/tree/6.3.0"
            },
            "funding": [
                {
                    "url": "https://github.com/michael-grunder",
                    "type": "github"
                }
            ],
            "time": "2025-11-06T19:52:58+00:00"
        },
        {
            "name": "xdebug/xdebug",
            "version": "3.5.0",
            "source": {
                "type": "git",
                "url": "https://github.com/xdebug/xdebug.git",
                "reference": "32dcc3da7bbff171f67e803f28ef4c098f8e2caf"
            },
            "dist": {
                "type": "zip",
                "url": "https://api.github.com/repos/xdebug/xdebug/zipball/32dcc3da7bbff171f67e803f28ef4c098f8e2caf",
                "reference": "32dcc3da7bbff171f67e803f28ef4c098f8e2caf",
                "shasum": ""
            },
            "require": {
                "php": ">=8.0,<8.6"
            },
            "type": "php-ext-zend",
            "notification-url": "https://packagist.org/downloads/",
            "php-ext": {
                "priority": 90,
                "configure-options": []
            },
            "license": [
                "Xdebug-1.03"
            ],
            "description": "Xdebug is a debugging and productivity extension for PHP",
            "support": {
                "source": "https://github.com/xdebug/xdebug/tree/3.5.0"
            },
            "funding": [
                {
                    "url": "https://xdebug.org/support",
                    "type": "custom"
                },
                {
                    "url": "https://github.com/derickr",
                    "type": "github"
                },
                {
                    "url": "https://www.patreon.com/derickr",
                    "type": "patreon"
                }
            ],
            "time": "2025-12-04T15:08:14+00:00"
        }
    ],
    "packages-dev": [],
    "aliases": [],
    "minimum-stability": "stable",
    "stability-flags": {
        "igbinary/igbinary": 5,
        "msgpack/msgpack-php": 20,
        "php-amqp/php-amqp": 20
    },
    "prefer-stable": false,
    "prefer-lowest": false,
    "platform": {},
    "platform-dev": {},
    "plugin-api-version": "2.9.0"
}
